// !$*UTF8*$!
{
	archiveVersion = 1;
	classes = {
	};
	objectVersion = 56;
	objects = {

/* Begin PBXBuildFile section */
		5E1D43EA2A588D2400B6BEA4 /* RemoveTimer.graphql in Resources */ = {isa = PBXBuildFile; fileRef = 5E1D43E92A588D2400B6BEA4 /* RemoveTimer.graphql */; };
		5E1D44072A59ACBE00B6BEA4 /* LogTimer.graphql in Resources */ = {isa = PBXBuildFile; fileRef = 5E1D44062A59ACBE00B6BEA4 /* LogTimer.graphql */; };
		5E1D440A2A59AF7C00B6BEA4 /* Date.swift in Sources */ = {isa = PBXBuildFile; fileRef = 5E1D44092A59AF7C00B6BEA4 /* Date.swift */; };
		5E1D440E2A59B5D700B6BEA4 /* Projects.graphql in Resources */ = {isa = PBXBuildFile; fileRef = 5E1D440D2A59B5D700B6BEA4 /* Projects.graphql */; };
		5E1D44102A59B69400B6BEA4 /* Project.swift in Sources */ = {isa = PBXBuildFile; fileRef = 5E1D440F2A59B69400B6BEA4 /* Project.swift */; };
		5E1D44122A59B97000B6BEA4 /* ProjectTask.swift in Sources */ = {isa = PBXBuildFile; fileRef = 5E1D44112A59B97000B6BEA4 /* ProjectTask.swift */; };
		5E1D44172A5A8A5D00B6BEA4 /* AppDelegate.swift in Sources */ = {isa = PBXBuildFile; fileRef = 5E1D44162A5A8A5D00B6BEA4 /* AppDelegate.swift */; };
		5E3DAF202A5AF3C4005BB83A /* KeychainSwift in Frameworks */ = {isa = PBXBuildFile; productRef = 5E3DAF1F2A5AF3C4005BB83A /* KeychainSwift */; };
		5E3DAF222A5B1F5F005BB83A /* NotificationName.swift in Sources */ = {isa = PBXBuildFile; fileRef = 5E3DAF212A5B1F5F005BB83A /* NotificationName.swift */; };
		5E3DAF252A5B3718005BB83A /* K.swift in Sources */ = {isa = PBXBuildFile; fileRef = 5E3DAF242A5B3718005BB83A /* K.swift */; };
		5E41B1442A497F51001E90AC /* HappyPathTimeTrackerApp.swift in Sources */ = {isa = PBXBuildFile; fileRef = 5E41B1432A497F51001E90AC /* HappyPathTimeTrackerApp.swift */; };
		5E41B1462A497F51001E90AC /* MainScreen.swift in Sources */ = {isa = PBXBuildFile; fileRef = 5E41B1452A497F51001E90AC /* MainScreen.swift */; };
		5E41B1482A497F52001E90AC /* Assets.xcassets in Resources */ = {isa = PBXBuildFile; fileRef = 5E41B1472A497F52001E90AC /* Assets.xcassets */; };
		5E41B14B2A497F52001E90AC /* Preview Assets.xcassets in Resources */ = {isa = PBXBuildFile; fileRef = 5E41B14A2A497F52001E90AC /* Preview Assets.xcassets */; };
		5E5FC02C2A5F45AD00A19330 /* StartTimer.graphql in Resources */ = {isa = PBXBuildFile; fileRef = 5E5FC02B2A5F45AD00A19330 /* StartTimer.graphql */; };
		5E646F142A671AB800B92B96 /* Stats.graphql in Resources */ = {isa = PBXBuildFile; fileRef = 5E646F132A671AB800B92B96 /* Stats.graphql */; };
		5E646F162A67212A00B92B96 /* Stats.swift in Sources */ = {isa = PBXBuildFile; fileRef = 5E646F152A67212A00B92B96 /* Stats.swift */; };
		5E797CDF2A4B1CD9003FCD06 /* SwiftDate in Frameworks */ = {isa = PBXBuildFile; productRef = 5E797CDE2A4B1CD9003FCD06 /* SwiftDate */; };
		5E797CE22A4B1EE4003FCD06 /* CircleDay.swift in Sources */ = {isa = PBXBuildFile; fileRef = 5E797CE12A4B1EE4003FCD06 /* CircleDay.swift */; };
		5E7B54912A609E2D0097EC94 /* StopTimer.graphql in Resources */ = {isa = PBXBuildFile; fileRef = 5E7B54902A609E2D0097EC94 /* StopTimer.graphql */; };
		5E7B54952A611D560097EC94 /* String.swift in Sources */ = {isa = PBXBuildFile; fileRef = 5E7B54942A611D560097EC94 /* String.swift */; };
		5E7B54972A6120EE0097EC94 /* Int.swift in Sources */ = {isa = PBXBuildFile; fileRef = 5E7B54962A6120EE0097EC94 /* Int.swift */; };
		5E8FAEF12A6910850016EE08 /* Auth.swift in Sources */ = {isa = PBXBuildFile; fileRef = 5E8FAEF02A6910850016EE08 /* Auth.swift */; };
		5E916F352A5ED555001FAF02 /* UpdateTimer.graphql in Resources */ = {isa = PBXBuildFile; fileRef = 5E916F342A5ED555001FAF02 /* UpdateTimer.graphql */; };
		5ED8E43B2A6E342000F871E0 /* RestartTimer.graphql in Resources */ = {isa = PBXBuildFile; fileRef = 5ED8E43A2A6E342000F871E0 /* RestartTimer.graphql */; };
		5EE13CEA2A5757AE004BF3DA /* .gitignore in Resources */ = {isa = PBXBuildFile; fileRef = 5EE13CE92A5757AE004BF3DA /* .gitignore */; };
		5EE371FC2A4EDEDF00859278 /* NewTimeEntryView.swift in Sources */ = {isa = PBXBuildFile; fileRef = 5EE371FB2A4EDEDF00859278 /* NewTimeEntryView.swift */; };
		5EE371FF2A4EDF0C00859278 /* TimeDividier.swift in Sources */ = {isa = PBXBuildFile; fileRef = 5EE371FE2A4EDF0C00859278 /* TimeDividier.swift */; };
		5EE372012A4FFB1900859278 /* TimeEntryListView.swift in Sources */ = {isa = PBXBuildFile; fileRef = 5EE372002A4FFB1900859278 /* TimeEntryListView.swift */; };
		5EE372032A4FFBA400859278 /* TimeEntry.swift in Sources */ = {isa = PBXBuildFile; fileRef = 5EE372022A4FFBA400859278 /* TimeEntry.swift */; };
		5EE372052A4FFCD900859278 /* TimeEntryView.swift in Sources */ = {isa = PBXBuildFile; fileRef = 5EE372042A4FFCD900859278 /* TimeEntryView.swift */; };
		5EE372092A5030D800859278 /* BottomView.swift in Sources */ = {isa = PBXBuildFile; fileRef = 5EE372082A5030D800859278 /* BottomView.swift */; };
		5EE3720B2A50311C00859278 /* HeaderView.swift in Sources */ = {isa = PBXBuildFile; fileRef = 5EE3720A2A50311C00859278 /* HeaderView.swift */; };
		5EE3720D2A50317900859278 /* CircleDayListView.swift in Sources */ = {isa = PBXBuildFile; fileRef = 5EE3720C2A50317900859278 /* CircleDayListView.swift */; };
		5EE3720F2A50322E00859278 /* CircleDayView.swift in Sources */ = {isa = PBXBuildFile; fileRef = 5EE3720E2A50322E00859278 /* CircleDayView.swift */; };
		5EE372122A50483B00859278 /* Apollo in Frameworks */ = {isa = PBXBuildFile; productRef = 5EE372112A50483B00859278 /* Apollo */; };
		5EE372152A50523D00859278 /* Tasks.graphql in Resources */ = {isa = PBXBuildFile; fileRef = 5EE372142A50523D00859278 /* Tasks.graphql */; };
		5EE372172A50B82B00859278 /* Timers.graphql in Resources */ = {isa = PBXBuildFile; fileRef = 5EE372162A50B82B00859278 /* Timers.graphql */; };
		5EE3721C2A50B91100859278 /* DirectusGraphql in Frameworks */ = {isa = PBXBuildFile; productRef = 5EE3721B2A50B91100859278 /* DirectusGraphql */; };
		5EE3721F2A50BD0C00859278 /* GraphqlClient.swift in Sources */ = {isa = PBXBuildFile; fileRef = 5EE3721E2A50BD0C00859278 /* GraphqlClient.swift */; };
		5EE372212A50BE7400859278 /* NetworkInterceptorProvider.swift in Sources */ = {isa = PBXBuildFile; fileRef = 5EE372202A50BE7400859278 /* NetworkInterceptorProvider.swift */; };
		5EE372232A50BEC600859278 /* TokenInterceptor.swift in Sources */ = {isa = PBXBuildFile; fileRef = 5EE372222A50BEC600859278 /* TokenInterceptor.swift */; };
		5EE372262A50C1A500859278 /* MainScreenViewModel.swift in Sources */ = {isa = PBXBuildFile; fileRef = 5EE372252A50C1A500859278 /* MainScreenViewModel.swift */; };
		5EE372292A520B5E00859278 /* AppState.swift in Sources */ = {isa = PBXBuildFile; fileRef = 5EE372282A520B5E00859278 /* AppState.swift */; };
		5EE4F81A2A66440400DD46EA /* HappyPathTimeTrackerTests.swift in Sources */ = {isa = PBXBuildFile; fileRef = 5EE4F8192A66440400DD46EA /* HappyPathTimeTrackerTests.swift */; };
		5EE4F8212A66448700DD46EA /* MainScreenViewModelTests.swift in Sources */ = {isa = PBXBuildFile; fileRef = 5EE4F8202A66448700DD46EA /* MainScreenViewModelTests.swift */; };
		5EE4F8242A66451400DD46EA /* NetworkManager.swift in Sources */ = {isa = PBXBuildFile; fileRef = 5EE4F8232A66451400DD46EA /* NetworkManager.swift */; };
/* End PBXBuildFile section */

/* Begin PBXContainerItemProxy section */
		5EE4F81B2A66440400DD46EA /* PBXContainerItemProxy */ = {
			isa = PBXContainerItemProxy;
			containerPortal = 5E41B1382A497F51001E90AC /* Project object */;
			proxyType = 1;
			remoteGlobalIDString = 5E41B13F2A497F51001E90AC;
			remoteInfo = HappyPathTimeTracker;
		};
/* End PBXContainerItemProxy section */

/* Begin PBXFileReference section */
		5E1D43E92A588D2400B6BEA4 /* RemoveTimer.graphql */ = {isa = PBXFileReference; lastKnownFileType = text; path = RemoveTimer.graphql; sourceTree = "<group>"; };
		5E1D44062A59ACBE00B6BEA4 /* LogTimer.graphql */ = {isa = PBXFileReference; lastKnownFileType = text; path = LogTimer.graphql; sourceTree = "<group>"; };
		5E1D44092A59AF7C00B6BEA4 /* Date.swift */ = {isa = PBXFileReference; lastKnownFileType = sourcecode.swift; path = Date.swift; sourceTree = "<group>"; };
		5E1D440D2A59B5D700B6BEA4 /* Projects.graphql */ = {isa = PBXFileReference; lastKnownFileType = text; path = Projects.graphql; sourceTree = "<group>"; };
		5E1D440F2A59B69400B6BEA4 /* Project.swift */ = {isa = PBXFileReference; lastKnownFileType = sourcecode.swift; path = Project.swift; sourceTree = "<group>"; };
		5E1D44112A59B97000B6BEA4 /* ProjectTask.swift */ = {isa = PBXFileReference; lastKnownFileType = sourcecode.swift; path = ProjectTask.swift; sourceTree = "<group>"; };
		5E1D44162A5A8A5D00B6BEA4 /* AppDelegate.swift */ = {isa = PBXFileReference; lastKnownFileType = sourcecode.swift; path = AppDelegate.swift; sourceTree = "<group>"; };
		5E3DAF1A2A5AAC71005BB83A /* Info.plist */ = {isa = PBXFileReference; lastKnownFileType = text.plist; path = Info.plist; sourceTree = "<group>"; };
		5E3DAF212A5B1F5F005BB83A /* NotificationName.swift */ = {isa = PBXFileReference; lastKnownFileType = sourcecode.swift; path = NotificationName.swift; sourceTree = "<group>"; };
		5E3DAF242A5B3718005BB83A /* K.swift */ = {isa = PBXFileReference; lastKnownFileType = sourcecode.swift; path = K.swift; sourceTree = "<group>"; };
		5E41B1402A497F51001E90AC /* HappyPathTimeTracker.app */ = {isa = PBXFileReference; explicitFileType = wrapper.application; includeInIndex = 0; path = HappyPathTimeTracker.app; sourceTree = BUILT_PRODUCTS_DIR; };
		5E41B1432A497F51001E90AC /* HappyPathTimeTrackerApp.swift */ = {isa = PBXFileReference; lastKnownFileType = sourcecode.swift; path = HappyPathTimeTrackerApp.swift; sourceTree = "<group>"; };
		5E41B1452A497F51001E90AC /* MainScreen.swift */ = {isa = PBXFileReference; lastKnownFileType = sourcecode.swift; path = MainScreen.swift; sourceTree = "<group>"; };
		5E41B1472A497F52001E90AC /* Assets.xcassets */ = {isa = PBXFileReference; lastKnownFileType = folder.assetcatalog; path = Assets.xcassets; sourceTree = "<group>"; };
		5E41B14A2A497F52001E90AC /* Preview Assets.xcassets */ = {isa = PBXFileReference; lastKnownFileType = folder.assetcatalog; path = "Preview Assets.xcassets"; sourceTree = "<group>"; };
		5E41B14C2A497F52001E90AC /* HappyPathTimeTracker.entitlements */ = {isa = PBXFileReference; lastKnownFileType = text.plist.entitlements; path = HappyPathTimeTracker.entitlements; sourceTree = "<group>"; };
		5E5FC02B2A5F45AD00A19330 /* StartTimer.graphql */ = {isa = PBXFileReference; lastKnownFileType = text; path = StartTimer.graphql; sourceTree = "<group>"; };
		5E646F132A671AB800B92B96 /* Stats.graphql */ = {isa = PBXFileReference; lastKnownFileType = text; path = Stats.graphql; sourceTree = "<group>"; };
		5E646F152A67212A00B92B96 /* Stats.swift */ = {isa = PBXFileReference; lastKnownFileType = sourcecode.swift; path = Stats.swift; sourceTree = "<group>"; };
		5E797CE12A4B1EE4003FCD06 /* CircleDay.swift */ = {isa = PBXFileReference; lastKnownFileType = sourcecode.swift; path = CircleDay.swift; sourceTree = "<group>"; };
		5E7B54902A609E2D0097EC94 /* StopTimer.graphql */ = {isa = PBXFileReference; lastKnownFileType = text; path = StopTimer.graphql; sourceTree = "<group>"; };
		5E7B54942A611D560097EC94 /* String.swift */ = {isa = PBXFileReference; lastKnownFileType = sourcecode.swift; path = String.swift; sourceTree = "<group>"; };
		5E7B54962A6120EE0097EC94 /* Int.swift */ = {isa = PBXFileReference; lastKnownFileType = sourcecode.swift; path = Int.swift; sourceTree = "<group>"; };
		5E8FAEF02A6910850016EE08 /* Auth.swift */ = {isa = PBXFileReference; lastKnownFileType = sourcecode.swift; path = Auth.swift; sourceTree = "<group>"; };
		5E916F342A5ED555001FAF02 /* UpdateTimer.graphql */ = {isa = PBXFileReference; lastKnownFileType = text; path = UpdateTimer.graphql; sourceTree = "<group>"; };
		5ED8E43A2A6E342000F871E0 /* RestartTimer.graphql */ = {isa = PBXFileReference; lastKnownFileType = text; path = RestartTimer.graphql; sourceTree = "<group>"; };
		5EE13CE92A5757AE004BF3DA /* .gitignore */ = {isa = PBXFileReference; lastKnownFileType = text; path = .gitignore; sourceTree = "<group>"; };
		5EE371FB2A4EDEDF00859278 /* NewTimeEntryView.swift */ = {isa = PBXFileReference; lastKnownFileType = sourcecode.swift; path = NewTimeEntryView.swift; sourceTree = "<group>"; };
		5EE371FE2A4EDF0C00859278 /* TimeDividier.swift */ = {isa = PBXFileReference; lastKnownFileType = sourcecode.swift; path = TimeDividier.swift; sourceTree = "<group>"; };
		5EE372002A4FFB1900859278 /* TimeEntryListView.swift */ = {isa = PBXFileReference; lastKnownFileType = sourcecode.swift; path = TimeEntryListView.swift; sourceTree = "<group>"; };
		5EE372022A4FFBA400859278 /* TimeEntry.swift */ = {isa = PBXFileReference; lastKnownFileType = sourcecode.swift; path = TimeEntry.swift; sourceTree = "<group>"; };
		5EE372042A4FFCD900859278 /* TimeEntryView.swift */ = {isa = PBXFileReference; lastKnownFileType = sourcecode.swift; path = TimeEntryView.swift; sourceTree = "<group>"; };
		5EE372082A5030D800859278 /* BottomView.swift */ = {isa = PBXFileReference; lastKnownFileType = sourcecode.swift; path = BottomView.swift; sourceTree = "<group>"; };
		5EE3720A2A50311C00859278 /* HeaderView.swift */ = {isa = PBXFileReference; lastKnownFileType = sourcecode.swift; path = HeaderView.swift; sourceTree = "<group>"; };
		5EE3720C2A50317900859278 /* CircleDayListView.swift */ = {isa = PBXFileReference; lastKnownFileType = sourcecode.swift; path = CircleDayListView.swift; sourceTree = "<group>"; };
		5EE3720E2A50322E00859278 /* CircleDayView.swift */ = {isa = PBXFileReference; lastKnownFileType = sourcecode.swift; path = CircleDayView.swift; sourceTree = "<group>"; };
		5EE372142A50523D00859278 /* Tasks.graphql */ = {isa = PBXFileReference; lastKnownFileType = text; path = Tasks.graphql; sourceTree = "<group>"; };
		5EE372162A50B82B00859278 /* Timers.graphql */ = {isa = PBXFileReference; lastKnownFileType = text; path = Timers.graphql; sourceTree = "<group>"; };
		5EE372192A50B89700859278 /* DirectusGraphql */ = {isa = PBXFileReference; lastKnownFileType = wrapper; path = DirectusGraphql; sourceTree = "<group>"; };
		5EE3721E2A50BD0C00859278 /* GraphqlClient.swift */ = {isa = PBXFileReference; lastKnownFileType = sourcecode.swift; path = GraphqlClient.swift; sourceTree = "<group>"; };
		5EE372202A50BE7400859278 /* NetworkInterceptorProvider.swift */ = {isa = PBXFileReference; lastKnownFileType = sourcecode.swift; path = NetworkInterceptorProvider.swift; sourceTree = "<group>"; };
		5EE372222A50BEC600859278 /* TokenInterceptor.swift */ = {isa = PBXFileReference; lastKnownFileType = sourcecode.swift; path = TokenInterceptor.swift; sourceTree = "<group>"; };
		5EE372252A50C1A500859278 /* MainScreenViewModel.swift */ = {isa = PBXFileReference; lastKnownFileType = sourcecode.swift; path = MainScreenViewModel.swift; sourceTree = "<group>"; };
		5EE372282A520B5E00859278 /* AppState.swift */ = {isa = PBXFileReference; lastKnownFileType = sourcecode.swift; path = AppState.swift; sourceTree = "<group>"; };
		5EE4F8172A66440400DD46EA /* HappyPathTimeTrackerTests.xctest */ = {isa = PBXFileReference; explicitFileType = wrapper.cfbundle; includeInIndex = 0; path = HappyPathTimeTrackerTests.xctest; sourceTree = BUILT_PRODUCTS_DIR; };
		5EE4F8192A66440400DD46EA /* HappyPathTimeTrackerTests.swift */ = {isa = PBXFileReference; lastKnownFileType = sourcecode.swift; path = HappyPathTimeTrackerTests.swift; sourceTree = "<group>"; };
		5EE4F8202A66448700DD46EA /* MainScreenViewModelTests.swift */ = {isa = PBXFileReference; lastKnownFileType = sourcecode.swift; path = MainScreenViewModelTests.swift; sourceTree = "<group>"; };
		5EE4F8232A66451400DD46EA /* NetworkManager.swift */ = {isa = PBXFileReference; lastKnownFileType = sourcecode.swift; path = NetworkManager.swift; sourceTree = "<group>"; };
/* End PBXFileReference section */

/* Begin PBXFrameworksBuildPhase section */
		5E41B13D2A497F51001E90AC /* Frameworks */ = {
			isa = PBXFrameworksBuildPhase;
			buildActionMask = 2147483647;
			files = (
				5E797CDF2A4B1CD9003FCD06 /* SwiftDate in Frameworks */,
				5EE3721C2A50B91100859278 /* DirectusGraphql in Frameworks */,
				5E3DAF202A5AF3C4005BB83A /* KeychainSwift in Frameworks */,
				5EE372122A50483B00859278 /* Apollo in Frameworks */,
			);
			runOnlyForDeploymentPostprocessing = 0;
		};
		5EE4F8142A66440400DD46EA /* Frameworks */ = {
			isa = PBXFrameworksBuildPhase;
			buildActionMask = 2147483647;
			files = (
			);
			runOnlyForDeploymentPostprocessing = 0;
		};
/* End PBXFrameworksBuildPhase section */

/* Begin PBXGroup section */
		5E1D44082A59AF7300B6BEA4 /* Extension */ = {
			isa = PBXGroup;
			children = (
				5E1D44092A59AF7C00B6BEA4 /* Date.swift */,
				5E3DAF212A5B1F5F005BB83A /* NotificationName.swift */,
				5E7B54942A611D560097EC94 /* String.swift */,
				5E7B54962A6120EE0097EC94 /* Int.swift */,
			);
			path = Extension;
			sourceTree = "<group>";
		};
		5E3DAF232A5B370F005BB83A /* Util */ = {
			isa = PBXGroup;
			children = (
				5E3DAF242A5B3718005BB83A /* K.swift */,
			);
			path = Util;
			sourceTree = "<group>";
		};
		5E41B1372A497F51001E90AC = {
			isa = PBXGroup;
			children = (
				5EE13CE92A5757AE004BF3DA /* .gitignore */,
				5EE372182A50B89700859278 /* Packages */,
				5E41B1422A497F51001E90AC /* HappyPathTimeTracker */,
				5EE4F8182A66440400DD46EA /* HappyPathTimeTrackerTests */,
				5E41B1412A497F51001E90AC /* Products */,
				5EE3721A2A50B91100859278 /* Frameworks */,
			);
			sourceTree = "<group>";
		};
		5E41B1412A497F51001E90AC /* Products */ = {
			isa = PBXGroup;
			children = (
				5E41B1402A497F51001E90AC /* HappyPathTimeTracker.app */,
				5EE4F8172A66440400DD46EA /* HappyPathTimeTrackerTests.xctest */,
			);
			name = Products;
			sourceTree = "<group>";
		};
		5E41B1422A497F51001E90AC /* HappyPathTimeTracker */ = {
			isa = PBXGroup;
			children = (
				5EE4F8222A66450800DD46EA /* Managers */,
				5E3DAF232A5B370F005BB83A /* Util */,
				5E3DAF1A2A5AAC71005BB83A /* Info.plist */,
				5E1D44082A59AF7300B6BEA4 /* Extension */,
				5EE372272A520B5300859278 /* Store */,
				5EE3721D2A50BCFE00859278 /* Apollo */,
				5EE372132A50522B00859278 /* Graphql */,
				5EE372062A50309A00859278 /* Screen */,
				5EE371FD2A4EDEFF00859278 /* Components */,
				5E797CE02A4B1ED0003FCD06 /* Model */,
				5E41B1432A497F51001E90AC /* HappyPathTimeTrackerApp.swift */,
				5E1D44162A5A8A5D00B6BEA4 /* AppDelegate.swift */,
				5E41B1472A497F52001E90AC /* Assets.xcassets */,
				5E41B14C2A497F52001E90AC /* HappyPathTimeTracker.entitlements */,
				5E41B1492A497F52001E90AC /* Preview Content */,
			);
			path = HappyPathTimeTracker;
			sourceTree = "<group>";
		};
		5E41B1492A497F52001E90AC /* Preview Content */ = {
			isa = PBXGroup;
			children = (
				5E41B14A2A497F52001E90AC /* Preview Assets.xcassets */,
			);
			path = "Preview Content";
			sourceTree = "<group>";
		};
		5E797CE02A4B1ED0003FCD06 /* Model */ = {
			isa = PBXGroup;
			children = (
				5E797CE12A4B1EE4003FCD06 /* CircleDay.swift */,
				5EE372022A4FFBA400859278 /* TimeEntry.swift */,
				5E1D440F2A59B69400B6BEA4 /* Project.swift */,
				5E1D44112A59B97000B6BEA4 /* ProjectTask.swift */,
				5E646F152A67212A00B92B96 /* Stats.swift */,
				5E8FAEF02A6910850016EE08 /* Auth.swift */,
			);
			path = Model;
			sourceTree = "<group>";
		};
		5EE371FA2A4EDEB500859278 /* Views */ = {
			isa = PBXGroup;
			children = (
				5EE371FB2A4EDEDF00859278 /* NewTimeEntryView.swift */,
				5EE372002A4FFB1900859278 /* TimeEntryListView.swift */,
				5EE372082A5030D800859278 /* BottomView.swift */,
				5EE3720A2A50311C00859278 /* HeaderView.swift */,
				5EE3720C2A50317900859278 /* CircleDayListView.swift */,
				5EE3720E2A50322E00859278 /* CircleDayView.swift */,
			);
			path = Views;
			sourceTree = "<group>";
		};
		5EE371FD2A4EDEFF00859278 /* Components */ = {
			isa = PBXGroup;
			children = (
				5EE371FE2A4EDF0C00859278 /* TimeDividier.swift */,
				5EE372042A4FFCD900859278 /* TimeEntryView.swift */,
			);
			path = Components;
			sourceTree = "<group>";
		};
		5EE372062A50309A00859278 /* Screen */ = {
			isa = PBXGroup;
			children = (
				5EE372072A5030B200859278 /* Main */,
			);
			path = Screen;
			sourceTree = "<group>";
		};
		5EE372072A5030B200859278 /* Main */ = {
			isa = PBXGroup;
			children = (
				5EE372242A50C19800859278 /* ViewModels */,
				5EE371FA2A4EDEB500859278 /* Views */,
				5E41B1452A497F51001E90AC /* MainScreen.swift */,
			);
			path = Main;
			sourceTree = "<group>";
		};
		5EE372132A50522B00859278 /* Graphql */ = {
			isa = PBXGroup;
			children = (
				5EE372142A50523D00859278 /* Tasks.graphql */,
				5EE372162A50B82B00859278 /* Timers.graphql */,
				5E1D43E92A588D2400B6BEA4 /* RemoveTimer.graphql */,
				5E1D44062A59ACBE00B6BEA4 /* LogTimer.graphql */,
				5E1D440D2A59B5D700B6BEA4 /* Projects.graphql */,
				5E916F342A5ED555001FAF02 /* UpdateTimer.graphql */,
				5E5FC02B2A5F45AD00A19330 /* StartTimer.graphql */,
				5E7B54902A609E2D0097EC94 /* StopTimer.graphql */,
				5E646F132A671AB800B92B96 /* Stats.graphql */,
				5ED8E43A2A6E342000F871E0 /* RestartTimer.graphql */,
			);
			path = Graphql;
			sourceTree = "<group>";
		};
		5EE372182A50B89700859278 /* Packages */ = {
			isa = PBXGroup;
			children = (
				5EE372192A50B89700859278 /* DirectusGraphql */,
			);
			name = Packages;
			sourceTree = "<group>";
		};
		5EE3721A2A50B91100859278 /* Frameworks */ = {
			isa = PBXGroup;
			children = (
			);
			name = Frameworks;
			sourceTree = "<group>";
		};
		5EE3721D2A50BCFE00859278 /* Apollo */ = {
			isa = PBXGroup;
			children = (
				5EE3721E2A50BD0C00859278 /* GraphqlClient.swift */,
				5EE372202A50BE7400859278 /* NetworkInterceptorProvider.swift */,
				5EE372222A50BEC600859278 /* TokenInterceptor.swift */,
			);
			path = Apollo;
			sourceTree = "<group>";
		};
		5EE372242A50C19800859278 /* ViewModels */ = {
			isa = PBXGroup;
			children = (
				5EE372252A50C1A500859278 /* MainScreenViewModel.swift */,
			);
			path = ViewModels;
			sourceTree = "<group>";
		};
		5EE372272A520B5300859278 /* Store */ = {
			isa = PBXGroup;
			children = (
				5EE372282A520B5E00859278 /* AppState.swift */,
			);
			path = Store;
			sourceTree = "<group>";
		};
		5EE4F8182A66440400DD46EA /* HappyPathTimeTrackerTests */ = {
			isa = PBXGroup;
			children = (
				5EE4F8192A66440400DD46EA /* HappyPathTimeTrackerTests.swift */,
				5EE4F8202A66448700DD46EA /* MainScreenViewModelTests.swift */,
			);
			path = HappyPathTimeTrackerTests;
			sourceTree = "<group>";
		};
		5EE4F8222A66450800DD46EA /* Managers */ = {
			isa = PBXGroup;
			children = (
				5EE4F8232A66451400DD46EA /* NetworkManager.swift */,
			);
			path = Managers;
			sourceTree = "<group>";
		};
/* End PBXGroup section */

/* Begin PBXNativeTarget section */
		5E41B13F2A497F51001E90AC /* HappyPathTimeTracker */ = {
			isa = PBXNativeTarget;
			buildConfigurationList = 5E41B14F2A497F52001E90AC /* Build configuration list for PBXNativeTarget "HappyPathTimeTracker" */;
			buildPhases = (
				5E41B13C2A497F51001E90AC /* Sources */,
				5E41B13D2A497F51001E90AC /* Frameworks */,
				5E41B13E2A497F51001E90AC /* Resources */,
			);
			buildRules = (
			);
			dependencies = (
			);
			name = HappyPathTimeTracker;
			packageProductDependencies = (
				5E797CDE2A4B1CD9003FCD06 /* SwiftDate */,
				5EE372112A50483B00859278 /* Apollo */,
				5EE3721B2A50B91100859278 /* DirectusGraphql */,
				5E3DAF1F2A5AF3C4005BB83A /* KeychainSwift */,
			);
			productName = HappyPathTimeTracker;
			productReference = 5E41B1402A497F51001E90AC /* HappyPathTimeTracker.app */;
			productType = "com.apple.product-type.application";
		};
		5EE4F8162A66440400DD46EA /* HappyPathTimeTrackerTests */ = {
			isa = PBXNativeTarget;
			buildConfigurationList = 5EE4F81F2A66440400DD46EA /* Build configuration list for PBXNativeTarget "HappyPathTimeTrackerTests" */;
			buildPhases = (
				5EE4F8132A66440400DD46EA /* Sources */,
				5EE4F8142A66440400DD46EA /* Frameworks */,
				5EE4F8152A66440400DD46EA /* Resources */,
			);
			buildRules = (
			);
			dependencies = (
				5EE4F81C2A66440400DD46EA /* PBXTargetDependency */,
			);
			name = HappyPathTimeTrackerTests;
			productName = HappyPathTimeTrackerTests;
			productReference = 5EE4F8172A66440400DD46EA /* HappyPathTimeTrackerTests.xctest */;
			productType = "com.apple.product-type.bundle.unit-test";
		};
/* End PBXNativeTarget section */

/* Begin PBXProject section */
		5E41B1382A497F51001E90AC /* Project object */ = {
			isa = PBXProject;
			attributes = {
				BuildIndependentTargetsInParallel = 1;
				LastSwiftUpdateCheck = 1430;
				LastUpgradeCheck = 1430;
				TargetAttributes = {
					5E41B13F2A497F51001E90AC = {
						CreatedOnToolsVersion = 14.3.1;
					};
					5EE4F8162A66440400DD46EA = {
						CreatedOnToolsVersion = 14.3.1;
						TestTargetID = 5E41B13F2A497F51001E90AC;
					};
				};
			};
			buildConfigurationList = 5E41B13B2A497F51001E90AC /* Build configuration list for PBXProject "HappyPathTimeTracker" */;
			compatibilityVersion = "Xcode 14.0";
			developmentRegion = en;
			hasScannedForEncodings = 0;
			knownRegions = (
				en,
				Base,
			);
			mainGroup = 5E41B1372A497F51001E90AC;
			packageReferences = (
				5E797CDD2A4B1CD9003FCD06 /* XCRemoteSwiftPackageReference "SwiftDate" */,
				5EE372102A50483B00859278 /* XCRemoteSwiftPackageReference "apollo-ios" */,
				5E3DAF1E2A5AF3C4005BB83A /* XCRemoteSwiftPackageReference "keychain-swift" */,
			);
			productRefGroup = 5E41B1412A497F51001E90AC /* Products */;
			projectDirPath = "";
			projectRoot = "";
			targets = (
				5E41B13F2A497F51001E90AC /* HappyPathTimeTracker */,
				5EE4F8162A66440400DD46EA /* HappyPathTimeTrackerTests */,
			);
		};
/* End PBXProject section */

/* Begin PBXResourcesBuildPhase section */
		5E41B13E2A497F51001E90AC /* Resources */ = {
			isa = PBXResourcesBuildPhase;
			buildActionMask = 2147483647;
			files = (
				5EE13CEA2A5757AE004BF3DA /* .gitignore in Resources */,
				5E646F142A671AB800B92B96 /* Stats.graphql in Resources */,
				5E41B14B2A497F52001E90AC /* Preview Assets.xcassets in Resources */,
				5EE372152A50523D00859278 /* Tasks.graphql in Resources */,
				5ED8E43B2A6E342000F871E0 /* RestartTimer.graphql in Resources */,
				5E41B1482A497F52001E90AC /* Assets.xcassets in Resources */,
				5E7B54912A609E2D0097EC94 /* StopTimer.graphql in Resources */,
				5EE372172A50B82B00859278 /* Timers.graphql in Resources */,
				5E1D44072A59ACBE00B6BEA4 /* LogTimer.graphql in Resources */,
				5E5FC02C2A5F45AD00A19330 /* StartTimer.graphql in Resources */,
				5E1D43EA2A588D2400B6BEA4 /* RemoveTimer.graphql in Resources */,
				5E916F352A5ED555001FAF02 /* UpdateTimer.graphql in Resources */,
				5E1D440E2A59B5D700B6BEA4 /* Projects.graphql in Resources */,
			);
			runOnlyForDeploymentPostprocessing = 0;
		};
		5EE4F8152A66440400DD46EA /* Resources */ = {
			isa = PBXResourcesBuildPhase;
			buildActionMask = 2147483647;
			files = (
			);
			runOnlyForDeploymentPostprocessing = 0;
		};
/* End PBXResourcesBuildPhase section */

/* Begin PBXSourcesBuildPhase section */
		5E41B13C2A497F51001E90AC /* Sources */ = {
			isa = PBXSourcesBuildPhase;
			buildActionMask = 2147483647;
			files = (
				5EE372092A5030D800859278 /* BottomView.swift in Sources */,
				5E3DAF222A5B1F5F005BB83A /* NotificationName.swift in Sources */,
				5E797CE22A4B1EE4003FCD06 /* CircleDay.swift in Sources */,
				5EE372212A50BE7400859278 /* NetworkInterceptorProvider.swift in Sources */,
				5E41B1462A497F51001E90AC /* MainScreen.swift in Sources */,
				5EE372052A4FFCD900859278 /* TimeEntryView.swift in Sources */,
				5E7B54952A611D560097EC94 /* String.swift in Sources */,
				5EE372262A50C1A500859278 /* MainScreenViewModel.swift in Sources */,
				5E1D44102A59B69400B6BEA4 /* Project.swift in Sources */,
				5EE372292A520B5E00859278 /* AppState.swift in Sources */,
				5E1D440A2A59AF7C00B6BEA4 /* Date.swift in Sources */,
				5E3DAF252A5B3718005BB83A /* K.swift in Sources */,
				5E41B1442A497F51001E90AC /* HappyPathTimeTrackerApp.swift in Sources */,
				5EE3720B2A50311C00859278 /* HeaderView.swift in Sources */,
				5EE372232A50BEC600859278 /* TokenInterceptor.swift in Sources */,
				5E8FAEF12A6910850016EE08 /* Auth.swift in Sources */,
				5E1D44122A59B97000B6BEA4 /* ProjectTask.swift in Sources */,
				5EE4F8242A66451400DD46EA /* NetworkManager.swift in Sources */,
				5EE3720D2A50317900859278 /* CircleDayListView.swift in Sources */,
				5EE371FF2A4EDF0C00859278 /* TimeDividier.swift in Sources */,
				5E646F162A67212A00B92B96 /* Stats.swift in Sources */,
				5EE372012A4FFB1900859278 /* TimeEntryListView.swift in Sources */,
				5EE3721F2A50BD0C00859278 /* GraphqlClient.swift in Sources */,
				5EE3720F2A50322E00859278 /* CircleDayView.swift in Sources */,
				5E1D44172A5A8A5D00B6BEA4 /* AppDelegate.swift in Sources */,
				5E7B54972A6120EE0097EC94 /* Int.swift in Sources */,
				5EE372032A4FFBA400859278 /* TimeEntry.swift in Sources */,
				5EE371FC2A4EDEDF00859278 /* NewTimeEntryView.swift in Sources */,
			);
			runOnlyForDeploymentPostprocessing = 0;
		};
		5EE4F8132A66440400DD46EA /* Sources */ = {
			isa = PBXSourcesBuildPhase;
			buildActionMask = 2147483647;
			files = (
				5EE4F81A2A66440400DD46EA /* HappyPathTimeTrackerTests.swift in Sources */,
				5EE4F8212A66448700DD46EA /* MainScreenViewModelTests.swift in Sources */,
			);
			runOnlyForDeploymentPostprocessing = 0;
		};
/* End PBXSourcesBuildPhase section */

/* Begin PBXTargetDependency section */
		5EE4F81C2A66440400DD46EA /* PBXTargetDependency */ = {
			isa = PBXTargetDependency;
			target = 5E41B13F2A497F51001E90AC /* HappyPathTimeTracker */;
			targetProxy = 5EE4F81B2A66440400DD46EA /* PBXContainerItemProxy */;
		};
/* End PBXTargetDependency section */

/* Begin XCBuildConfiguration section */
		5E41B14D2A497F52001E90AC /* Debug */ = {
			isa = XCBuildConfiguration;
			buildSettings = {
				ALWAYS_SEARCH_USER_PATHS = NO;
				CLANG_ANALYZER_NONNULL = YES;
				CLANG_ANALYZER_NUMBER_OBJECT_CONVERSION = YES_AGGRESSIVE;
				CLANG_CXX_LANGUAGE_STANDARD = "gnu++20";
				CLANG_ENABLE_MODULES = YES;
				CLANG_ENABLE_OBJC_ARC = YES;
				CLANG_ENABLE_OBJC_WEAK = YES;
				CLANG_WARN_BLOCK_CAPTURE_AUTORELEASING = YES;
				CLANG_WARN_BOOL_CONVERSION = YES;
				CLANG_WARN_COMMA = YES;
				CLANG_WARN_CONSTANT_CONVERSION = YES;
				CLANG_WARN_DEPRECATED_OBJC_IMPLEMENTATIONS = YES;
				CLANG_WARN_DIRECT_OBJC_ISA_USAGE = YES_ERROR;
				CLANG_WARN_DOCUMENTATION_COMMENTS = YES;
				CLANG_WARN_EMPTY_BODY = YES;
				CLANG_WARN_ENUM_CONVERSION = YES;
				CLANG_WARN_INFINITE_RECURSION = YES;
				CLANG_WARN_INT_CONVERSION = YES;
				CLANG_WARN_NON_LITERAL_NULL_CONVERSION = YES;
				CLANG_WARN_OBJC_IMPLICIT_RETAIN_SELF = YES;
				CLANG_WARN_OBJC_LITERAL_CONVERSION = YES;
				CLANG_WARN_OBJC_ROOT_CLASS = YES_ERROR;
				CLANG_WARN_QUOTED_INCLUDE_IN_FRAMEWORK_HEADER = YES;
				CLANG_WARN_RANGE_LOOP_ANALYSIS = YES;
				CLANG_WARN_STRICT_PROTOTYPES = YES;
				CLANG_WARN_SUSPICIOUS_MOVE = YES;
				CLANG_WARN_UNGUARDED_AVAILABILITY = YES_AGGRESSIVE;
				CLANG_WARN_UNREACHABLE_CODE = YES;
				CLANG_WARN__DUPLICATE_METHOD_MATCH = YES;
				COPY_PHASE_STRIP = NO;
				DEBUG_INFORMATION_FORMAT = dwarf;
				ENABLE_STRICT_OBJC_MSGSEND = YES;
				ENABLE_TESTABILITY = YES;
				GCC_C_LANGUAGE_STANDARD = gnu11;
				GCC_DYNAMIC_NO_PIC = NO;
				GCC_NO_COMMON_BLOCKS = YES;
				GCC_OPTIMIZATION_LEVEL = 0;
				GCC_PREPROCESSOR_DEFINITIONS = (
					"DEBUG=1",
					"$(inherited)",
				);
				GCC_WARN_64_TO_32_BIT_CONVERSION = YES;
				GCC_WARN_ABOUT_RETURN_TYPE = YES_ERROR;
				GCC_WARN_UNDECLARED_SELECTOR = YES;
				GCC_WARN_UNINITIALIZED_AUTOS = YES_AGGRESSIVE;
				GCC_WARN_UNUSED_FUNCTION = YES;
				GCC_WARN_UNUSED_VARIABLE = YES;
				MACOSX_DEPLOYMENT_TARGET = 13.0;
				MTL_ENABLE_DEBUG_INFO = INCLUDE_SOURCE;
				MTL_FAST_MATH = YES;
				ONLY_ACTIVE_ARCH = YES;
				SDKROOT = macosx;
				SWIFT_ACTIVE_COMPILATION_CONDITIONS = DEBUG;
				SWIFT_OPTIMIZATION_LEVEL = "-Onone";
			};
			name = Debug;
		};
		5E41B14E2A497F52001E90AC /* Release */ = {
			isa = XCBuildConfiguration;
			buildSettings = {
				ALWAYS_SEARCH_USER_PATHS = NO;
				CLANG_ANALYZER_NONNULL = YES;
				CLANG_ANALYZER_NUMBER_OBJECT_CONVERSION = YES_AGGRESSIVE;
				CLANG_CXX_LANGUAGE_STANDARD = "gnu++20";
				CLANG_ENABLE_MODULES = YES;
				CLANG_ENABLE_OBJC_ARC = YES;
				CLANG_ENABLE_OBJC_WEAK = YES;
				CLANG_WARN_BLOCK_CAPTURE_AUTORELEASING = YES;
				CLANG_WARN_BOOL_CONVERSION = YES;
				CLANG_WARN_COMMA = YES;
				CLANG_WARN_CONSTANT_CONVERSION = YES;
				CLANG_WARN_DEPRECATED_OBJC_IMPLEMENTATIONS = YES;
				CLANG_WARN_DIRECT_OBJC_ISA_USAGE = YES_ERROR;
				CLANG_WARN_DOCUMENTATION_COMMENTS = YES;
				CLANG_WARN_EMPTY_BODY = YES;
				CLANG_WARN_ENUM_CONVERSION = YES;
				CLANG_WARN_INFINITE_RECURSION = YES;
				CLANG_WARN_INT_CONVERSION = YES;
				CLANG_WARN_NON_LITERAL_NULL_CONVERSION = YES;
				CLANG_WARN_OBJC_IMPLICIT_RETAIN_SELF = YES;
				CLANG_WARN_OBJC_LITERAL_CONVERSION = YES;
				CLANG_WARN_OBJC_ROOT_CLASS = YES_ERROR;
				CLANG_WARN_QUOTED_INCLUDE_IN_FRAMEWORK_HEADER = YES;
				CLANG_WARN_RANGE_LOOP_ANALYSIS = YES;
				CLANG_WARN_STRICT_PROTOTYPES = YES;
				CLANG_WARN_SUSPICIOUS_MOVE = YES;
				CLANG_WARN_UNGUARDED_AVAILABILITY = YES_AGGRESSIVE;
				CLANG_WARN_UNREACHABLE_CODE = YES;
				CLANG_WARN__DUPLICATE_METHOD_MATCH = YES;
				COPY_PHASE_STRIP = NO;
				DEBUG_INFORMATION_FORMAT = "dwarf-with-dsym";
				ENABLE_NS_ASSERTIONS = NO;
				ENABLE_STRICT_OBJC_MSGSEND = YES;
				GCC_C_LANGUAGE_STANDARD = gnu11;
				GCC_NO_COMMON_BLOCKS = YES;
				GCC_WARN_64_TO_32_BIT_CONVERSION = YES;
				GCC_WARN_ABOUT_RETURN_TYPE = YES_ERROR;
				GCC_WARN_UNDECLARED_SELECTOR = YES;
				GCC_WARN_UNINITIALIZED_AUTOS = YES_AGGRESSIVE;
				GCC_WARN_UNUSED_FUNCTION = YES;
				GCC_WARN_UNUSED_VARIABLE = YES;
				MACOSX_DEPLOYMENT_TARGET = 13.0;
				MTL_ENABLE_DEBUG_INFO = NO;
				MTL_FAST_MATH = YES;
				SDKROOT = macosx;
				SWIFT_COMPILATION_MODE = wholemodule;
				SWIFT_OPTIMIZATION_LEVEL = "-O";
			};
			name = Release;
		};
		5E41B1502A497F52001E90AC /* Debug */ = {
			isa = XCBuildConfiguration;
			buildSettings = {
				ASSETCATALOG_COMPILER_APPICON_NAME = AppIcon;
				ASSETCATALOG_COMPILER_GLOBAL_ACCENT_COLOR_NAME = AccentColor;
				CODE_SIGN_ENTITLEMENTS = HappyPathTimeTracker/HappyPathTimeTracker.entitlements;
				CODE_SIGN_IDENTITY = "Apple Development";
				"CODE_SIGN_IDENTITY[sdk=macosx*]" = "Apple Development";
				CODE_SIGN_STYLE = Automatic;
				COMBINE_HIDPI_IMAGES = YES;
				CURRENT_PROJECT_VERSION = 1;
				DEVELOPMENT_ASSET_PATHS = "\"HappyPathTimeTracker/Preview Content\"";
				DEVELOPMENT_TEAM = MEXY5CM4N3;
				ENABLE_HARDENED_RUNTIME = YES;
				ENABLE_PREVIEWS = YES;
				GENERATE_INFOPLIST_FILE = YES;
				INFOPLIST_FILE = HappyPathTimeTracker/Info.plist;
				INFOPLIST_KEY_LSApplicationCategoryType = "public.app-category.business";
				INFOPLIST_KEY_NSHumanReadableCopyright = "";
				LD_RUNPATH_SEARCH_PATHS = (
					"$(inherited)",
					"@executable_path/../Frameworks",
				);
				MACOSX_DEPLOYMENT_TARGET = 13.0;
				MARKETING_VERSION = 1.0;
				PRODUCT_BUNDLE_IDENTIFIER = com.gorkemsevim.HappyPathTimeTracker;
				PRODUCT_NAME = "$(TARGET_NAME)";
				PROVISIONING_PROFILE_SPECIFIER = "";
				SWIFT_EMIT_LOC_STRINGS = YES;
				SWIFT_VERSION = 5.0;
			};
			name = Debug;
		};
		5E41B1512A497F52001E90AC /* Release */ = {
			isa = XCBuildConfiguration;
			buildSettings = {
				ASSETCATALOG_COMPILER_APPICON_NAME = AppIcon;
				ASSETCATALOG_COMPILER_GLOBAL_ACCENT_COLOR_NAME = AccentColor;
				CODE_SIGN_ENTITLEMENTS = HappyPathTimeTracker/HappyPathTimeTracker.entitlements;
				CODE_SIGN_IDENTITY = "Apple Development";
				"CODE_SIGN_IDENTITY[sdk=macosx*]" = "3rd Party Mac Developer Application";
				CODE_SIGN_STYLE = Manual;
				COMBINE_HIDPI_IMAGES = YES;
				CURRENT_PROJECT_VERSION = 1;
				DEVELOPMENT_ASSET_PATHS = "\"HappyPathTimeTracker/Preview Content\"";
				DEVELOPMENT_TEAM = "";
				"DEVELOPMENT_TEAM[sdk=macosx*]" = MEXY5CM4N3;
				ENABLE_HARDENED_RUNTIME = YES;
				ENABLE_PREVIEWS = YES;
				GENERATE_INFOPLIST_FILE = YES;
				INFOPLIST_FILE = HappyPathTimeTracker/Info.plist;
				INFOPLIST_KEY_LSApplicationCategoryType = "public.app-category.business";
				INFOPLIST_KEY_NSHumanReadableCopyright = "";
				LD_RUNPATH_SEARCH_PATHS = (
					"$(inherited)",
					"@executable_path/../Frameworks",
				);
				MACOSX_DEPLOYMENT_TARGET = 13.0;
				MARKETING_VERSION = 1.0;
				PRODUCT_BUNDLE_IDENTIFIER = com.gorkemsevim.HappyPathTimeTracker;
				PRODUCT_NAME = "$(TARGET_NAME)";
				PROVISIONING_PROFILE_SPECIFIER = "";
				"PROVISIONING_PROFILE_SPECIFIER[sdk=macosx*]" = "";
				SWIFT_EMIT_LOC_STRINGS = YES;
				SWIFT_VERSION = 5.0;
			};
			name = Release;
		};
		5EE4F81D2A66440400DD46EA /* Debug */ = {
			isa = XCBuildConfiguration;
			buildSettings = {
				BUNDLE_LOADER = "$(TEST_HOST)";
				CODE_SIGN_STYLE = Automatic;
				CURRENT_PROJECT_VERSION = 1;
				DEVELOPMENT_TEAM = MEXY5CM4N3;
				GENERATE_INFOPLIST_FILE = YES;
				MARKETING_VERSION = 1.0;
				PRODUCT_BUNDLE_IDENTIFIER = com.gorkemsevim.HappyPathTimeTrackerTests;
				PRODUCT_NAME = "$(TARGET_NAME)";
				SWIFT_EMIT_LOC_STRINGS = NO;
				SWIFT_VERSION = 5.0;
				TEST_HOST = "$(BUILT_PRODUCTS_DIR)/HappyPathTimeTracker.app/$(BUNDLE_EXECUTABLE_FOLDER_PATH)/HappyPathTimeTracker";
			};
			name = Debug;
		};
		5EE4F81E2A66440400DD46EA /* Release */ = {
			isa = XCBuildConfiguration;
			buildSettings = {
				BUNDLE_LOADER = "$(TEST_HOST)";
				CODE_SIGN_STYLE = Automatic;
				CURRENT_PROJECT_VERSION = 1;
				DEVELOPMENT_TEAM = MEXY5CM4N3;
				GENERATE_INFOPLIST_FILE = YES;
				MARKETING_VERSION = 1.0;
				PRODUCT_BUNDLE_IDENTIFIER = com.gorkemsevim.HappyPathTimeTrackerTests;
				PRODUCT_NAME = "$(TARGET_NAME)";
				SWIFT_EMIT_LOC_STRINGS = NO;
				SWIFT_VERSION = 5.0;
				TEST_HOST = "$(BUILT_PRODUCTS_DIR)/HappyPathTimeTracker.app/$(BUNDLE_EXECUTABLE_FOLDER_PATH)/HappyPathTimeTracker";
			};
			name = Release;
		};
/* End XCBuildConfiguration section */

/* Begin XCConfigurationList section */
		5E41B13B2A497F51001E90AC /* Build configuration list for PBXProject "HappyPathTimeTracker" */ = {
			isa = XCConfigurationList;
			buildConfigurations = (
				5E41B14D2A497F52001E90AC /* Debug */,
				5E41B14E2A497F52001E90AC /* Release */,
			);
			defaultConfigurationIsVisible = 0;
			defaultConfigurationName = Release;
		};
		5E41B14F2A497F52001E90AC /* Build configuration list for PBXNativeTarget "HappyPathTimeTracker" */ = {
			isa = XCConfigurationList;
			buildConfigurations = (
				5E41B1502A497F52001E90AC /* Debug */,
				5E41B1512A497F52001E90AC /* Release */,
			);
			defaultConfigurationIsVisible = 0;
			defaultConfigurationName = Release;
		};
		5EE4F81F2A66440400DD46EA /* Build configuration list for PBXNativeTarget "HappyPathTimeTrackerTests" */ = {
			isa = XCConfigurationList;
			buildConfigurations = (
				5EE4F81D2A66440400DD46EA /* Debug */,
				5EE4F81E2A66440400DD46EA /* Release */,
			);
			defaultConfigurationIsVisible = 0;
			defaultConfigurationName = Release;
		};
/* End XCConfigurationList section */

/* Begin XCRemoteSwiftPackageReference section */
		5E3DAF1E2A5AF3C4005BB83A /* XCRemoteSwiftPackageReference "keychain-swift" */ = {
			isa = XCRemoteSwiftPackageReference;
			repositoryURL = "https://github.com/evgenyneu/keychain-swift";
			requirement = {
				kind = upToNextMajorVersion;
				minimumVersion = 20.0.0;
			};
		};
		5E797CDD2A4B1CD9003FCD06 /* XCRemoteSwiftPackageReference "SwiftDate" */ = {
			isa = XCRemoteSwiftPackageReference;
			repositoryURL = "https://github.com/malcommac/SwiftDate.git";
			requirement = {
				kind = upToNextMajorVersion;
				minimumVersion = 7.0.0;
			};
		};
		5EE372102A50483B00859278 /* XCRemoteSwiftPackageReference "apollo-ios" */ = {
			isa = XCRemoteSwiftPackageReference;
			repositoryURL = "https://github.com/apollographql/apollo-ios.git";
			requirement = {
				kind = upToNextMajorVersion;
				minimumVersion = 1.0.0;
			};
		};
/* End XCRemoteSwiftPackageReference section */

/* Begin XCSwiftPackageProductDependency section */
		5E3DAF1F2A5AF3C4005BB83A /* KeychainSwift */ = {
			isa = XCSwiftPackageProductDependency;
			package = 5E3DAF1E2A5AF3C4005BB83A /* XCRemoteSwiftPackageReference "keychain-swift" */;
			productName = KeychainSwift;
		};
		5E797CDE2A4B1CD9003FCD06 /* SwiftDate */ = {
			isa = XCSwiftPackageProductDependency;
			package = 5E797CDD2A4B1CD9003FCD06 /* XCRemoteSwiftPackageReference "SwiftDate" */;
			productName = SwiftDate;
		};
		5EE372112A50483B00859278 /* Apollo */ = {
			isa = XCSwiftPackageProductDependency;
			package = 5EE372102A50483B00859278 /* XCRemoteSwiftPackageReference "apollo-ios" */;
			productName = Apollo;
		};
		5EE3721B2A50B91100859278 /* DirectusGraphql */ = {
			isa = XCSwiftPackageProductDependency;
			productName = DirectusGraphql;
		};
/* End XCSwiftPackageProductDependency section */
	};
	rootObject = 5E41B1382A497F51001E90AC /* Project object */;
}
